
Microsoft Visual Studio Solution File, Format Version 12.00
# Visual Studio Version 16
VisualStudioVersion = 16.0.29613.14
MinimumVisualStudioVersion = 10.0.40219.1
Project("{FAE04EC0-301F-11D3-BF4B-00C04F79EFBC}") = "MarsRover", "MarsRover\MarsRover.csproj", "{6C4DB593-BAF3-4FF4-B788-EB9338A6E1ED}"
EndProject
Global
	GlobalSection(SolutionConfigurationPlatforms) = preSolution
		Debug|Any CPU = Debug|Any CPU
		Release|Any CPU = Release|Any CPU
	EndGlobalSection
	GlobalSection(ProjectConfigurationPlatforms) = postSolution
		{6C4DB593-BAF3-4FF4-B788-EB9338A6E1ED}.Debug|Any CPU.ActiveCfg = Debug|Any CPU
		{6C4DB593-BAF3-4FF4-B788-EB9338A6E1ED}.Debug|Any CPU.Build.0 = Debug|Any CPU
		{6C4DB593-BAF3-4FF4-B788-EB9338A6E1ED}.Release|Any CPU.ActiveCfg = Release|Any CPU
		{6C4DB593-BAF3-4FF4-B788-EB9338A6E1ED}.Release|Any CPU.Build.0 = Release|Any CPU
	EndGlobalSection
	GlobalSection(SolutionProperties) = preSolution
		HideSolutionNode = FALSE
	EndGlobalSection
	GlobalSection(ExtensibilityGlobals) = postSolution
		SolutionGuid = {2C430F8D-94F7-4596-82D4-AD31917BC590}
	EndGlobalSection
EndGlobal
